
Microsoft Visual Studio Solution File, Format Version 12.00
# Visual Studio Version 17
VisualStudioVersion = 17.10.35122.118
MinimumVisualStudioVersion = 10.0.40219.1
Project("{9A19103F-16F7-4668-BE54-9A1E7A4F7556}") = "FirstScraper", "FirstScraper\FirstScraper.csproj", "{870013B9-611D-44A9-85C2-5C17FA022BA1}"
EndProject
Global
	GlobalSection(SolutionConfigurationPlatforms) = preSolution
		Debug|Any CPU = Debug|Any CPU
		Release|Any CPU = Release|Any CPU
	EndGlobalSection
	GlobalSection(ProjectConfigurationPlatforms) = postSolution
		{870013B9-611D-44A9-85C2-5C17FA022BA1}.Debug|Any CPU.ActiveCfg = Debug|Any CPU
		{870013B9-611D-44A9-85C2-5C17FA022BA1}.Debug|Any CPU.Build.0 = Debug|Any CPU
		{870013B9-611D-44A9-85C2-5C17FA022BA1}.Release|Any CPU.ActiveCfg = Release|Any CPU
		{870013B9-611D-44A9-85C2-5C17FA022BA1}.Release|Any CPU.Build.0 = Release|Any CPU
	EndGlobalSection
	GlobalSection(SolutionProperties) = preSolution
		HideSolutionNode = FALSE
	EndGlobalSection
	GlobalSection(ExtensibilityGlobals) = postSolution
		SolutionGuid = {C317526E-A839-4123-B786-C5AFCBA73482}
	EndGlobalSection
EndGlobal
